// !$*UTF8*$!
{
	archiveVersion = 1;
	classes = {
	};
	objectVersion = 55;
	objects = {

/* Begin PBXBuildFile section */
		15587E8F27EF426800CB9FD1 /* AppDelegate.swift in Sources */ = {isa = PBXBuildFile; fileRef = 15587E8E27EF426800CB9FD1 /* AppDelegate.swift */; };
		15587E9127EF426800CB9FD1 /* SceneDelegate.swift in Sources */ = {isa = PBXBuildFile; fileRef = 15587E9027EF426800CB9FD1 /* SceneDelegate.swift */; };
		15587E9327EF426800CB9FD1 /* HomeViewController.swift in Sources */ = {isa = PBXBuildFile; fileRef = 15587E9227EF426800CB9FD1 /* HomeViewController.swift */; };
		15587E9827EF426A00CB9FD1 /* Assets.xcassets in Resources */ = {isa = PBXBuildFile; fileRef = 15587E9727EF426A00CB9FD1 /* Assets.xcassets */; };
		15587E9B27EF426A00CB9FD1 /* LaunchScreen.storyboard in Resources */ = {isa = PBXBuildFile; fileRef = 15587E9927EF426A00CB9FD1 /* LaunchScreen.storyboard */; };
		15587EA427EF44D000CB9FD1 /* ToDo-List.xcdatamodeld in Sources */ = {isa = PBXBuildFile; fileRef = 15587EA227EF44D000CB9FD1 /* ToDo-List.xcdatamodeld */; };
		2A3D51A527EF48BD0023C75F /* CoreData.framework in Frameworks */ = {isa = PBXBuildFile; fileRef = 2A3D51A427EF48BD0023C75F /* CoreData.framework */; };
		2A3D51A727EF48D90023C75F /* MangerObjectContext.swift in Sources */ = {isa = PBXBuildFile; fileRef = 2A3D51A627EF48D90023C75F /* MangerObjectContext.swift */; };
		2A3D51AA27EF49D20023C75F /* Task.swift in Sources */ = {isa = PBXBuildFile; fileRef = 2A3D51A927EF49D20023C75F /* Task.swift */; };
		15587EA727EF484800CB9FD1 /* ToDoTableViewCell.swift in Sources */ = {isa = PBXBuildFile; fileRef = 15587EA627EF484800CB9FD1 /* ToDoTableViewCell.swift */; };
		15587EAC27EF4F7200CB9FD1 /* NewToDoViewController.swift in Sources */ = {isa = PBXBuildFile; fileRef = 15587EAB27EF4F7200CB9FD1 /* NewToDoViewController.swift */; };
/* End PBXBuildFile section */

/* Begin PBXFileReference section */
		15587E8B27EF426800CB9FD1 /* ToDo List.app */ = {isa = PBXFileReference; explicitFileType = wrapper.application; includeInIndex = 0; path = "ToDo List.app"; sourceTree = BUILT_PRODUCTS_DIR; };
		15587E8E27EF426800CB9FD1 /* AppDelegate.swift */ = {isa = PBXFileReference; lastKnownFileType = sourcecode.swift; path = AppDelegate.swift; sourceTree = "<group>"; };
		15587E9027EF426800CB9FD1 /* SceneDelegate.swift */ = {isa = PBXFileReference; lastKnownFileType = sourcecode.swift; path = SceneDelegate.swift; sourceTree = "<group>"; };
		15587E9227EF426800CB9FD1 /* HomeViewController.swift */ = {isa = PBXFileReference; lastKnownFileType = sourcecode.swift; path = HomeViewController.swift; sourceTree = "<group>"; };
		15587E9727EF426A00CB9FD1 /* Assets.xcassets */ = {isa = PBXFileReference; lastKnownFileType = folder.assetcatalog; path = Assets.xcassets; sourceTree = "<group>"; };
		15587E9A27EF426A00CB9FD1 /* Base */ = {isa = PBXFileReference; lastKnownFileType = file.storyboard; name = Base; path = Base.lproj/LaunchScreen.storyboard; sourceTree = "<group>"; };
		15587E9C27EF426A00CB9FD1 /* Info.plist */ = {isa = PBXFileReference; lastKnownFileType = text.plist.xml; path = Info.plist; sourceTree = "<group>"; };
		15587EA327EF44D000CB9FD1 /* ToDo-List.xcdatamodel */ = {isa = PBXFileReference; lastKnownFileType = wrapper.xcdatamodel; path = "ToDo-List.xcdatamodel"; sourceTree = "<group>"; };
		2A3D51A427EF48BD0023C75F /* CoreData.framework */ = {isa = PBXFileReference; lastKnownFileType = wrapper.framework; name = CoreData.framework; path = System/Library/Frameworks/CoreData.framework; sourceTree = SDKROOT; };
		2A3D51A627EF48D90023C75F /* MangerObjectContext.swift */ = {isa = PBXFileReference; lastKnownFileType = sourcecode.swift; path = MangerObjectContext.swift; sourceTree = "<group>"; };
		2A3D51A927EF49D20023C75F /* Task.swift */ = {isa = PBXFileReference; lastKnownFileType = sourcecode.swift; path = Task.swift; sourceTree = "<group>"; };
		15587EA627EF484800CB9FD1 /* ToDoTableViewCell.swift */ = {isa = PBXFileReference; lastKnownFileType = sourcecode.swift; path = ToDoTableViewCell.swift; sourceTree = "<group>"; };
		15587EAB27EF4F7200CB9FD1 /* NewToDoViewController.swift */ = {isa = PBXFileReference; lastKnownFileType = sourcecode.swift; path = NewToDoViewController.swift; sourceTree = "<group>"; };
/* End PBXFileReference section */

/* Begin PBXFrameworksBuildPhase section */
		15587E8827EF426800CB9FD1 /* Frameworks */ = {
			isa = PBXFrameworksBuildPhase;
			buildActionMask = 2147483647;
			files = (
				2A3D51A527EF48BD0023C75F /* CoreData.framework in Frameworks */,
			);
			runOnlyForDeploymentPostprocessing = 0;
		};
/* End PBXFrameworksBuildPhase section */

/* Begin PBXGroup section */
		15587E8227EF426800CB9FD1 = {
			isa = PBXGroup;
			children = (
				15587E8D27EF426800CB9FD1 /* ToDo List */,
				15587E8C27EF426800CB9FD1 /* Products */,
				2A3D51A327EF48BD0023C75F /* Frameworks */,
			);
			sourceTree = "<group>";
		};
		15587E8C27EF426800CB9FD1 /* Products */ = {
			isa = PBXGroup;
			children = (
				15587E8B27EF426800CB9FD1 /* ToDo List.app */,
			);
			name = Products;
			sourceTree = "<group>";
		};
		15587E8D27EF426800CB9FD1 /* ToDo List */ = {
			isa = PBXGroup;
			children = (
      
				2A3D51A827EF49B10023C75F /* Models */,
				2A3D51A227EF48830023C75F /* Data */,
				15587EA827EF4EF300CB9FD1 /* Scenes */,
				15587EA527EF482F00CB9FD1 /* Cell */,
				15587E8E27EF426800CB9FD1 /* AppDelegate.swift */,
				15587E9027EF426800CB9FD1 /* SceneDelegate.swift */,
				15587EA227EF44D000CB9FD1 /* ToDo-List.xcdatamodeld */,
				15587E9227EF426800CB9FD1 /* HomeViewController.swift */,
				15587E9727EF426A00CB9FD1 /* Assets.xcassets */,
				15587E9927EF426A00CB9FD1 /* LaunchScreen.storyboard */,
				15587E9C27EF426A00CB9FD1 /* Info.plist */,
			);
			path = "ToDo List";
			sourceTree = "<group>";
		};
		2A3D51A227EF48830023C75F /* Data */ = {
			isa = PBXGroup;
			children = (
				2A3D51A627EF48D90023C75F /* MangerObjectContext.swift */,
			);
			path = Data;
			sourceTree = "<group>";
		};
		2A3D51A327EF48BD0023C75F /* Frameworks */ = {
			isa = PBXGroup;
			children = (
				2A3D51A427EF48BD0023C75F /* CoreData.framework */,
			);
			name = Frameworks;
			sourceTree = "<group>";
		};
		2A3D51A827EF49B10023C75F /* Models */ = {
			isa = PBXGroup;
			children = (
				2A3D51A927EF49D20023C75F /* Task.swift */,
			);
			path = Models;
		15587EA527EF482F00CB9FD1 /* Cell */ = {
			isa = PBXGroup;
			children = (
				15587EA627EF484800CB9FD1 /* ToDoTableViewCell.swift */,
			);
			path = Cell;
			sourceTree = "<group>";
		};
		15587EA827EF4EF300CB9FD1 /* Scenes */ = {
			isa = PBXGroup;
			children = (
				15587EAA27EF4EFC00CB9FD1 /* NewTodo */,
				15587EA927EF4EF600CB9FD1 /* Home */,
			);
			path = Scenes;
			sourceTree = "<group>";
		};
		15587EA927EF4EF600CB9FD1 /* Home */ = {
			isa = PBXGroup;
			children = (
			);
			path = Home;
			sourceTree = "<group>";
		};
		15587EAA27EF4EFC00CB9FD1 /* NewTodo */ = {
			isa = PBXGroup;
			children = (
				15587EAB27EF4F7200CB9FD1 /* NewToDoViewController.swift */,
			);
			path = NewTodo;
			sourceTree = "<group>";
		};
/* End PBXGroup section */

/* Begin PBXNativeTarget section */
		15587E8A27EF426800CB9FD1 /* ToDo List */ = {
			isa = PBXNativeTarget;
			buildConfigurationList = 15587E9F27EF426A00CB9FD1 /* Build configuration list for PBXNativeTarget "ToDo List" */;
			buildPhases = (
				15587E8727EF426800CB9FD1 /* Sources */,
				15587E8827EF426800CB9FD1 /* Frameworks */,
				15587E8927EF426800CB9FD1 /* Resources */,
			);
			buildRules = (
			);
			dependencies = (
			);
			name = "ToDo List";
			productName = "ToDo List";
			productReference = 15587E8B27EF426800CB9FD1 /* ToDo List.app */;
			productType = "com.apple.product-type.application";
		};
/* End PBXNativeTarget section */

/* Begin PBXProject section */
		15587E8327EF426800CB9FD1 /* Project object */ = {
			isa = PBXProject;
			attributes = {
				BuildIndependentTargetsInParallel = 1;
				LastSwiftUpdateCheck = 1330;
				LastUpgradeCheck = 1330;
				TargetAttributes = {
					15587E8A27EF426800CB9FD1 = {
						CreatedOnToolsVersion = 13.3;
					};
				};
			};
			buildConfigurationList = 15587E8627EF426800CB9FD1 /* Build configuration list for PBXProject "ToDo List" */;
			compatibilityVersion = "Xcode 13.0";
			developmentRegion = en;
			hasScannedForEncodings = 0;
			knownRegions = (
				en,
				Base,
			);
			mainGroup = 15587E8227EF426800CB9FD1;
			productRefGroup = 15587E8C27EF426800CB9FD1 /* Products */;
			projectDirPath = "";
			projectRoot = "";
			targets = (
				15587E8A27EF426800CB9FD1 /* ToDo List */,
			);
		};
/* End PBXProject section */

/* Begin PBXResourcesBuildPhase section */
		15587E8927EF426800CB9FD1 /* Resources */ = {
			isa = PBXResourcesBuildPhase;
			buildActionMask = 2147483647;
			files = (
				15587E9B27EF426A00CB9FD1 /* LaunchScreen.storyboard in Resources */,
				15587E9827EF426A00CB9FD1 /* Assets.xcassets in Resources */,
			);
			runOnlyForDeploymentPostprocessing = 0;
		};
/* End PBXResourcesBuildPhase section */

/* Begin PBXSourcesBuildPhase section */
		15587E8727EF426800CB9FD1 /* Sources */ = {
			isa = PBXSourcesBuildPhase;
			buildActionMask = 2147483647;
			files = (
				15587E9327EF426800CB9FD1 /* HomeViewController.swift in Sources */,
				15587EA427EF44D000CB9FD1 /* ToDo-List.xcdatamodeld in Sources */,
				15587E8F27EF426800CB9FD1 /* AppDelegate.swift in Sources */,
				15587E9127EF426800CB9FD1 /* SceneDelegate.swift in Sources */,
				2A3D51AA27EF49D20023C75F /* Task.swift in Sources */,
				2A3D51A727EF48D90023C75F /* MangerObjectContext.swift in Sources */,
				15587EA727EF484800CB9FD1 /* ToDoTableViewCell.swift in Sources */,
				15587EAC27EF4F7200CB9FD1 /* NewToDoViewController.swift in Sources */,
			);
			runOnlyForDeploymentPostprocessing = 0;
		};
/* End PBXSourcesBuildPhase section */

/* Begin PBXVariantGroup section */
		15587E9927EF426A00CB9FD1 /* LaunchScreen.storyboard */ = {
			isa = PBXVariantGroup;
			children = (
				15587E9A27EF426A00CB9FD1 /* Base */,
			);
			name = LaunchScreen.storyboard;
			sourceTree = "<group>";
		};
/* End PBXVariantGroup section */

/* Begin XCBuildConfiguration section */
		15587E9D27EF426A00CB9FD1 /* Debug */ = {
			isa = XCBuildConfiguration;
			buildSettings = {
				ALWAYS_SEARCH_USER_PATHS = NO;
				CLANG_ANALYZER_NONNULL = YES;
				CLANG_ANALYZER_NUMBER_OBJECT_CONVERSION = YES_AGGRESSIVE;
				CLANG_CXX_LANGUAGE_STANDARD = "gnu++17";
				CLANG_ENABLE_MODULES = YES;
				CLANG_ENABLE_OBJC_ARC = YES;
				CLANG_ENABLE_OBJC_WEAK = YES;
				CLANG_WARN_BLOCK_CAPTURE_AUTORELEASING = YES;
				CLANG_WARN_BOOL_CONVERSION = YES;
				CLANG_WARN_COMMA = YES;
				CLANG_WARN_CONSTANT_CONVERSION = YES;
				CLANG_WARN_DEPRECATED_OBJC_IMPLEMENTATIONS = YES;
				CLANG_WARN_DIRECT_OBJC_ISA_USAGE = YES_ERROR;
				CLANG_WARN_DOCUMENTATION_COMMENTS = YES;
				CLANG_WARN_EMPTY_BODY = YES;
				CLANG_WARN_ENUM_CONVERSION = YES;
				CLANG_WARN_INFINITE_RECURSION = YES;
				CLANG_WARN_INT_CONVERSION = YES;
				CLANG_WARN_NON_LITERAL_NULL_CONVERSION = YES;
				CLANG_WARN_OBJC_IMPLICIT_RETAIN_SELF = YES;
				CLANG_WARN_OBJC_LITERAL_CONVERSION = YES;
				CLANG_WARN_OBJC_ROOT_CLASS = YES_ERROR;
				CLANG_WARN_QUOTED_INCLUDE_IN_FRAMEWORK_HEADER = YES;
				CLANG_WARN_RANGE_LOOP_ANALYSIS = YES;
				CLANG_WARN_STRICT_PROTOTYPES = YES;
				CLANG_WARN_SUSPICIOUS_MOVE = YES;
				CLANG_WARN_UNGUARDED_AVAILABILITY = YES_AGGRESSIVE;
				CLANG_WARN_UNREACHABLE_CODE = YES;
				CLANG_WARN__DUPLICATE_METHOD_MATCH = YES;
				COPY_PHASE_STRIP = NO;
				DEBUG_INFORMATION_FORMAT = dwarf;
				ENABLE_STRICT_OBJC_MSGSEND = YES;
				ENABLE_TESTABILITY = YES;
				GCC_C_LANGUAGE_STANDARD = gnu11;
				GCC_DYNAMIC_NO_PIC = NO;
				GCC_NO_COMMON_BLOCKS = YES;
				GCC_OPTIMIZATION_LEVEL = 0;
				GCC_PREPROCESSOR_DEFINITIONS = (
					"DEBUG=1",
					"$(inherited)",
				);
				GCC_WARN_64_TO_32_BIT_CONVERSION = YES;
				GCC_WARN_ABOUT_RETURN_TYPE = YES_ERROR;
				GCC_WARN_UNDECLARED_SELECTOR = YES;
				GCC_WARN_UNINITIALIZED_AUTOS = YES_AGGRESSIVE;
				GCC_WARN_UNUSED_FUNCTION = YES;
				GCC_WARN_UNUSED_VARIABLE = YES;
				IPHONEOS_DEPLOYMENT_TARGET = 15.4;
				MTL_ENABLE_DEBUG_INFO = INCLUDE_SOURCE;
				MTL_FAST_MATH = YES;
				ONLY_ACTIVE_ARCH = YES;
				SDKROOT = iphoneos;
				SWIFT_ACTIVE_COMPILATION_CONDITIONS = DEBUG;
				SWIFT_OPTIMIZATION_LEVEL = "-Onone";
			};
			name = Debug;
		};
		15587E9E27EF426A00CB9FD1 /* Release */ = {
			isa = XCBuildConfiguration;
			buildSettings = {
				ALWAYS_SEARCH_USER_PATHS = NO;
				CLANG_ANALYZER_NONNULL = YES;
				CLANG_ANALYZER_NUMBER_OBJECT_CONVERSION = YES_AGGRESSIVE;
				CLANG_CXX_LANGUAGE_STANDARD = "gnu++17";
				CLANG_ENABLE_MODULES = YES;
				CLANG_ENABLE_OBJC_ARC = YES;
				CLANG_ENABLE_OBJC_WEAK = YES;
				CLANG_WARN_BLOCK_CAPTURE_AUTORELEASING = YES;
				CLANG_WARN_BOOL_CONVERSION = YES;
				CLANG_WARN_COMMA = YES;
				CLANG_WARN_CONSTANT_CONVERSION = YES;
				CLANG_WARN_DEPRECATED_OBJC_IMPLEMENTATIONS = YES;
				CLANG_WARN_DIRECT_OBJC_ISA_USAGE = YES_ERROR;
				CLANG_WARN_DOCUMENTATION_COMMENTS = YES;
				CLANG_WARN_EMPTY_BODY = YES;
				CLANG_WARN_ENUM_CONVERSION = YES;
				CLANG_WARN_INFINITE_RECURSION = YES;
				CLANG_WARN_INT_CONVERSION = YES;
				CLANG_WARN_NON_LITERAL_NULL_CONVERSION = YES;
				CLANG_WARN_OBJC_IMPLICIT_RETAIN_SELF = YES;
				CLANG_WARN_OBJC_LITERAL_CONVERSION = YES;
				CLANG_WARN_OBJC_ROOT_CLASS = YES_ERROR;
				CLANG_WARN_QUOTED_INCLUDE_IN_FRAMEWORK_HEADER = YES;
				CLANG_WARN_RANGE_LOOP_ANALYSIS = YES;
				CLANG_WARN_STRICT_PROTOTYPES = YES;
				CLANG_WARN_SUSPICIOUS_MOVE = YES;
				CLANG_WARN_UNGUARDED_AVAILABILITY = YES_AGGRESSIVE;
				CLANG_WARN_UNREACHABLE_CODE = YES;
				CLANG_WARN__DUPLICATE_METHOD_MATCH = YES;
				COPY_PHASE_STRIP = NO;
				DEBUG_INFORMATION_FORMAT = "dwarf-with-dsym";
				ENABLE_NS_ASSERTIONS = NO;
				ENABLE_STRICT_OBJC_MSGSEND = YES;
				GCC_C_LANGUAGE_STANDARD = gnu11;
				GCC_NO_COMMON_BLOCKS = YES;
				GCC_WARN_64_TO_32_BIT_CONVERSION = YES;
				GCC_WARN_ABOUT_RETURN_TYPE = YES_ERROR;
				GCC_WARN_UNDECLARED_SELECTOR = YES;
				GCC_WARN_UNINITIALIZED_AUTOS = YES_AGGRESSIVE;
				GCC_WARN_UNUSED_FUNCTION = YES;
				GCC_WARN_UNUSED_VARIABLE = YES;
				IPHONEOS_DEPLOYMENT_TARGET = 15.4;
				MTL_ENABLE_DEBUG_INFO = NO;
				MTL_FAST_MATH = YES;
				SDKROOT = iphoneos;
				SWIFT_COMPILATION_MODE = wholemodule;
				SWIFT_OPTIMIZATION_LEVEL = "-O";
				VALIDATE_PRODUCT = YES;
			};
			name = Release;
		};
		15587EA027EF426A00CB9FD1 /* Debug */ = {
			isa = XCBuildConfiguration;
			buildSettings = {
				ASSETCATALOG_COMPILER_APPICON_NAME = AppIcon;
				ASSETCATALOG_COMPILER_GLOBAL_ACCENT_COLOR_NAME = AccentColor;
				CODE_SIGN_STYLE = Automatic;
				CURRENT_PROJECT_VERSION = 1;
				DEVELOPMENT_TEAM = JD3672J6VN;
				GENERATE_INFOPLIST_FILE = YES;
				INFOPLIST_FILE = "ToDo List/Info.plist";
				INFOPLIST_KEY_UIApplicationSupportsIndirectInputEvents = YES;
				INFOPLIST_KEY_UILaunchStoryboardName = LaunchScreen;
				INFOPLIST_KEY_UISupportedInterfaceOrientations_iPad = "UIInterfaceOrientationPortrait UIInterfaceOrientationPortraitUpsideDown UIInterfaceOrientationLandscapeLeft UIInterfaceOrientationLandscapeRight";
				INFOPLIST_KEY_UISupportedInterfaceOrientations_iPhone = "UIInterfaceOrientationPortrait UIInterfaceOrientationLandscapeLeft UIInterfaceOrientationLandscapeRight";
				LD_RUNPATH_SEARCH_PATHS = (
					"$(inherited)",
					"@executable_path/Frameworks",
				);
				MARKETING_VERSION = 1.0;
				PRODUCT_BUNDLE_IDENTIFIER = "com.felipeb.ToDo-List";
				PRODUCT_NAME = "$(TARGET_NAME)";
				SWIFT_EMIT_LOC_STRINGS = YES;
				SWIFT_VERSION = 5.0;
				TARGETED_DEVICE_FAMILY = 1;
			};
			name = Debug;
		};
		15587EA127EF426A00CB9FD1 /* Release */ = {
			isa = XCBuildConfiguration;
			buildSettings = {
				ASSETCATALOG_COMPILER_APPICON_NAME = AppIcon;
				ASSETCATALOG_COMPILER_GLOBAL_ACCENT_COLOR_NAME = AccentColor;
				CODE_SIGN_STYLE = Automatic;
				CURRENT_PROJECT_VERSION = 1;
				DEVELOPMENT_TEAM = JD3672J6VN;
				GENERATE_INFOPLIST_FILE = YES;
				INFOPLIST_FILE = "ToDo List/Info.plist";
				INFOPLIST_KEY_UIApplicationSupportsIndirectInputEvents = YES;
				INFOPLIST_KEY_UILaunchStoryboardName = LaunchScreen;
				INFOPLIST_KEY_UISupportedInterfaceOrientations_iPad = "UIInterfaceOrientationPortrait UIInterfaceOrientationPortraitUpsideDown UIInterfaceOrientationLandscapeLeft UIInterfaceOrientationLandscapeRight";
				INFOPLIST_KEY_UISupportedInterfaceOrientations_iPhone = "UIInterfaceOrientationPortrait UIInterfaceOrientationLandscapeLeft UIInterfaceOrientationLandscapeRight";
				LD_RUNPATH_SEARCH_PATHS = (
					"$(inherited)",
					"@executable_path/Frameworks",
				);
				MARKETING_VERSION = 1.0;
				PRODUCT_BUNDLE_IDENTIFIER = "com.felipeb.ToDo-List";
				PRODUCT_NAME = "$(TARGET_NAME)";
				SWIFT_EMIT_LOC_STRINGS = YES;
				SWIFT_VERSION = 5.0;
				TARGETED_DEVICE_FAMILY = 1;
			};
			name = Release;
		};
/* End XCBuildConfiguration section */

/* Begin XCConfigurationList section */
		15587E8627EF426800CB9FD1 /* Build configuration list for PBXProject "ToDo List" */ = {
			isa = XCConfigurationList;
			buildConfigurations = (
				15587E9D27EF426A00CB9FD1 /* Debug */,
				15587E9E27EF426A00CB9FD1 /* Release */,
			);
			defaultConfigurationIsVisible = 0;
			defaultConfigurationName = Release;
		};
		15587E9F27EF426A00CB9FD1 /* Build configuration list for PBXNativeTarget "ToDo List" */ = {
			isa = XCConfigurationList;
			buildConfigurations = (
				15587EA027EF426A00CB9FD1 /* Debug */,
				15587EA127EF426A00CB9FD1 /* Release */,
			);
			defaultConfigurationIsVisible = 0;
			defaultConfigurationName = Release;
		};
/* End XCConfigurationList section */

/* Begin XCVersionGroup section */
		15587EA227EF44D000CB9FD1 /* ToDo-List.xcdatamodeld */ = {
			isa = XCVersionGroup;
			children = (
				15587EA327EF44D000CB9FD1 /* ToDo-List.xcdatamodel */,
			);
			currentVersion = 15587EA327EF44D000CB9FD1 /* ToDo-List.xcdatamodel */;
			path = "ToDo-List.xcdatamodeld";
			sourceTree = "<group>";
			versionGroupType = wrapper.xcdatamodel;
		};
/* End XCVersionGroup section */
	};
	rootObject = 15587E8327EF426800CB9FD1 /* Project object */;
}
